
Microsoft Visual Studio Solution File, Format Version 12.00
# Visual Studio 2013
VisualStudioVersion = 12.0.31101.0
MinimumVisualStudioVersion = 10.0.40219.1
Project("{FAE04EC0-301F-11D3-BF4B-00C04F79EFBC}") = "207 Bioinformatics 1 DNA Replication", "207 Bioinformatics 1 DNA Replication\207 Bioinformatics 1 DNA Replication.csproj", "{4610DA20-2BE5-4E68-B5CD-897067FE5C07}"
EndProject
Project("{FAE04EC0-301F-11D3-BF4B-00C04F79EFBC}") = "206 Recurrence Relations", "206 Recurrence Relations\206 Recurrence Relations.csproj", "{DDBBCCBB-0E82-4EED-8A5C-7F377E235972}"
EndProject
Project("{FAE04EC0-301F-11D3-BF4B-00C04F79EFBC}") = "205 Friendly Date Ranges", "205 Friendly Date Ranges\205 Friendly Date Ranges.csproj", "{A4C2EC45-962C-461E-94AE-FC6CCC14B6FB}"
EndProject
Project("{FAE04EC0-301F-11D3-BF4B-00C04F79EFBC}") = "208 Culling Numbers", "208 Culling Numbers\208 Culling Numbers.csproj", "{1FEDF789-14E9-422A-BEA4-9B0D8741D8C1}"
EndProject
Project("{FAE04EC0-301F-11D3-BF4B-00C04F79EFBC}") = "HkR Service Lane", "HkR Service Lane\HkR Service Lane.csproj", "{1E447ECB-3F53-425F-AB81-9D033E051E6B}"
EndProject
Project("{FAE04EC0-301F-11D3-BF4B-00C04F79EFBC}") = "Utilities", "Utilities\Utilities.csproj", "{202E1FD6-197D-49DC-9C7B-6F6A44064A13}"
EndProject
Project("{FAE04EC0-301F-11D3-BF4B-00C04F79EFBC}") = "HkR Maximizing XOR", "HkR Maximizing XOR\HkR Maximizing XOR.csproj", "{045302F4-E62B-415F-95AB-33134AEF8E72}"
EndProject
Project("{FAE04EC0-301F-11D3-BF4B-00C04F79EFBC}") = "HkR The Love Letter Mystery", "HkR The Love Letter Mystery\HkR The Love Letter Mystery.csproj", "{51D212BA-1705-4B01-986E-4DD44C6C5819}"
EndProject
Project("{FAE04EC0-301F-11D3-BF4B-00C04F79EFBC}") = "HkR Lonely Integer", "HkR Lonely Integer\HkR Lonely Integer.csproj", "{05B8FF44-07D2-4A67-A41F-FF033DE9F335}"
EndProject
Project("{FAE04EC0-301F-11D3-BF4B-00C04F79EFBC}") = "HkR Cut The Sticks", "HkR Cut The Sticks\HkR Cut The Sticks.csproj", "{2A1C99CD-A37F-43B1-A632-381025F11516}"
EndProject
Project("{FAE04EC0-301F-11D3-BF4B-00C04F79EFBC}") = "HkR Angry Professor", "HkR Angry Professor\HkR Angry Professor.csproj", "{11C0DFDB-B5EF-420C-9A81-D5A3B6F96421}"
EndProject
Project("{FAE04EC0-301F-11D3-BF4B-00C04F79EFBC}") = "HkR Halloween Party", "HkR Halloween Party\HkR Halloween Party.csproj", "{6C17A372-2483-48C2-B1FA-95A8B6896C36}"
EndProject
Project("{FAE04EC0-301F-11D3-BF4B-00C04F79EFBC}") = "HkR Find Digits", "HkR Find Digits\HkR Find Digits.csproj", "{2A7AF2B1-8D48-4049-A8EB-A488A3DCB236}"
EndProject
Project("{FAE04EC0-301F-11D3-BF4B-00C04F79EFBC}") = "HkR Chocolate Feast", "HkR Chocolate Feast\HkR Chocolate Feast.csproj", "{61A29330-1422-4F90-B12F-05521363CF23}"
EndProject
Project("{FAE04EC0-301F-11D3-BF4B-00C04F79EFBC}") = "HkR Cavity Map", "HkR Cavity Map\HkR Cavity Map.csproj", "{DAC166C1-498C-4E07-9A34-8A8D914FCD01}"
EndProject
Project("{FAE04EC0-301F-11D3-BF4B-00C04F79EFBC}") = "HkR Manasa and Stones", "HkR Manasa and Stones\HkR Manasa and Stones.csproj", "{AB7669D0-F3C1-4322-AAB8-351A23A09739}"
EndProject
Project("{FAE04EC0-301F-11D3-BF4B-00C04F79EFBC}") = "HkR Alternating Characters", "HkR Alternating Characters\HkR Alternating Characters.csproj", "{72012092-F66F-465A-9F58-0AC91A031A76}"
EndProject
Global
	GlobalSection(SolutionConfigurationPlatforms) = preSolution
		Debug|Any CPU = Debug|Any CPU
		Release|Any CPU = Release|Any CPU
	EndGlobalSection
	GlobalSection(ProjectConfigurationPlatforms) = postSolution
		{4610DA20-2BE5-4E68-B5CD-897067FE5C07}.Debug|Any CPU.ActiveCfg = Debug|Any CPU
		{4610DA20-2BE5-4E68-B5CD-897067FE5C07}.Debug|Any CPU.Build.0 = Debug|Any CPU
		{4610DA20-2BE5-4E68-B5CD-897067FE5C07}.Release|Any CPU.ActiveCfg = Release|Any CPU
		{4610DA20-2BE5-4E68-B5CD-897067FE5C07}.Release|Any CPU.Build.0 = Release|Any CPU
		{DDBBCCBB-0E82-4EED-8A5C-7F377E235972}.Debug|Any CPU.ActiveCfg = Debug|Any CPU
		{DDBBCCBB-0E82-4EED-8A5C-7F377E235972}.Debug|Any CPU.Build.0 = Debug|Any CPU
		{DDBBCCBB-0E82-4EED-8A5C-7F377E235972}.Release|Any CPU.ActiveCfg = Release|Any CPU
		{DDBBCCBB-0E82-4EED-8A5C-7F377E235972}.Release|Any CPU.Build.0 = Release|Any CPU
		{A4C2EC45-962C-461E-94AE-FC6CCC14B6FB}.Debug|Any CPU.ActiveCfg = Debug|Any CPU
		{A4C2EC45-962C-461E-94AE-FC6CCC14B6FB}.Debug|Any CPU.Build.0 = Debug|Any CPU
		{A4C2EC45-962C-461E-94AE-FC6CCC14B6FB}.Release|Any CPU.ActiveCfg = Release|Any CPU
		{A4C2EC45-962C-461E-94AE-FC6CCC14B6FB}.Release|Any CPU.Build.0 = Release|Any CPU
		{1FEDF789-14E9-422A-BEA4-9B0D8741D8C1}.Debug|Any CPU.ActiveCfg = Debug|Any CPU
		{1FEDF789-14E9-422A-BEA4-9B0D8741D8C1}.Debug|Any CPU.Build.0 = Debug|Any CPU
		{1FEDF789-14E9-422A-BEA4-9B0D8741D8C1}.Release|Any CPU.ActiveCfg = Release|Any CPU
		{1FEDF789-14E9-422A-BEA4-9B0D8741D8C1}.Release|Any CPU.Build.0 = Release|Any CPU
		{1E447ECB-3F53-425F-AB81-9D033E051E6B}.Debug|Any CPU.ActiveCfg = Debug|Any CPU
		{1E447ECB-3F53-425F-AB81-9D033E051E6B}.Debug|Any CPU.Build.0 = Debug|Any CPU
		{1E447ECB-3F53-425F-AB81-9D033E051E6B}.Release|Any CPU.ActiveCfg = Release|Any CPU
		{1E447ECB-3F53-425F-AB81-9D033E051E6B}.Release|Any CPU.Build.0 = Release|Any CPU
		{202E1FD6-197D-49DC-9C7B-6F6A44064A13}.Debug|Any CPU.ActiveCfg = Debug|Any CPU
		{202E1FD6-197D-49DC-9C7B-6F6A44064A13}.Debug|Any CPU.Build.0 = Debug|Any CPU
		{202E1FD6-197D-49DC-9C7B-6F6A44064A13}.Release|Any CPU.ActiveCfg = Release|Any CPU
		{202E1FD6-197D-49DC-9C7B-6F6A44064A13}.Release|Any CPU.Build.0 = Release|Any CPU
		{045302F4-E62B-415F-95AB-33134AEF8E72}.Debug|Any CPU.ActiveCfg = Debug|Any CPU
		{045302F4-E62B-415F-95AB-33134AEF8E72}.Debug|Any CPU.Build.0 = Debug|Any CPU
		{045302F4-E62B-415F-95AB-33134AEF8E72}.Release|Any CPU.ActiveCfg = Release|Any CPU
		{045302F4-E62B-415F-95AB-33134AEF8E72}.Release|Any CPU.Build.0 = Release|Any CPU
		{51D212BA-1705-4B01-986E-4DD44C6C5819}.Debug|Any CPU.ActiveCfg = Debug|Any CPU
		{51D212BA-1705-4B01-986E-4DD44C6C5819}.Debug|Any CPU.Build.0 = Debug|Any CPU
		{51D212BA-1705-4B01-986E-4DD44C6C5819}.Release|Any CPU.ActiveCfg = Release|Any CPU
		{51D212BA-1705-4B01-986E-4DD44C6C5819}.Release|Any CPU.Build.0 = Release|Any CPU
		{05B8FF44-07D2-4A67-A41F-FF033DE9F335}.Debug|Any CPU.ActiveCfg = Debug|Any CPU
		{05B8FF44-07D2-4A67-A41F-FF033DE9F335}.Debug|Any CPU.Build.0 = Debug|Any CPU
		{05B8FF44-07D2-4A67-A41F-FF033DE9F335}.Release|Any CPU.ActiveCfg = Release|Any CPU
		{05B8FF44-07D2-4A67-A41F-FF033DE9F335}.Release|Any CPU.Build.0 = Release|Any CPU
		{2A1C99CD-A37F-43B1-A632-381025F11516}.Debug|Any CPU.ActiveCfg = Debug|Any CPU
		{2A1C99CD-A37F-43B1-A632-381025F11516}.Debug|Any CPU.Build.0 = Debug|Any CPU
		{2A1C99CD-A37F-43B1-A632-381025F11516}.Release|Any CPU.ActiveCfg = Release|Any CPU
		{2A1C99CD-A37F-43B1-A632-381025F11516}.Release|Any CPU.Build.0 = Release|Any CPU
		{11C0DFDB-B5EF-420C-9A81-D5A3B6F96421}.Debug|Any CPU.ActiveCfg = Debug|Any CPU
		{11C0DFDB-B5EF-420C-9A81-D5A3B6F96421}.Debug|Any CPU.Build.0 = Debug|Any CPU
		{11C0DFDB-B5EF-420C-9A81-D5A3B6F96421}.Release|Any CPU.ActiveCfg = Release|Any CPU
		{11C0DFDB-B5EF-420C-9A81-D5A3B6F96421}.Release|Any CPU.Build.0 = Release|Any CPU
		{6C17A372-2483-48C2-B1FA-95A8B6896C36}.Debug|Any CPU.ActiveCfg = Debug|Any CPU
		{6C17A372-2483-48C2-B1FA-95A8B6896C36}.Debug|Any CPU.Build.0 = Debug|Any CPU
		{6C17A372-2483-48C2-B1FA-95A8B6896C36}.Release|Any CPU.ActiveCfg = Release|Any CPU
		{6C17A372-2483-48C2-B1FA-95A8B6896C36}.Release|Any CPU.Build.0 = Release|Any CPU
		{2A7AF2B1-8D48-4049-A8EB-A488A3DCB236}.Debug|Any CPU.ActiveCfg = Debug|Any CPU
		{2A7AF2B1-8D48-4049-A8EB-A488A3DCB236}.Debug|Any CPU.Build.0 = Debug|Any CPU
		{2A7AF2B1-8D48-4049-A8EB-A488A3DCB236}.Release|Any CPU.ActiveCfg = Release|Any CPU
		{2A7AF2B1-8D48-4049-A8EB-A488A3DCB236}.Release|Any CPU.Build.0 = Release|Any CPU
		{61A29330-1422-4F90-B12F-05521363CF23}.Debug|Any CPU.ActiveCfg = Debug|Any CPU
		{61A29330-1422-4F90-B12F-05521363CF23}.Debug|Any CPU.Build.0 = Debug|Any CPU
		{61A29330-1422-4F90-B12F-05521363CF23}.Release|Any CPU.ActiveCfg = Release|Any CPU
		{61A29330-1422-4F90-B12F-05521363CF23}.Release|Any CPU.Build.0 = Release|Any CPU
		{DAC166C1-498C-4E07-9A34-8A8D914FCD01}.Debug|Any CPU.ActiveCfg = Debug|Any CPU
		{DAC166C1-498C-4E07-9A34-8A8D914FCD01}.Debug|Any CPU.Build.0 = Debug|Any CPU
		{DAC166C1-498C-4E07-9A34-8A8D914FCD01}.Release|Any CPU.ActiveCfg = Release|Any CPU
		{DAC166C1-498C-4E07-9A34-8A8D914FCD01}.Release|Any CPU.Build.0 = Release|Any CPU
		{AB7669D0-F3C1-4322-AAB8-351A23A09739}.Debug|Any CPU.ActiveCfg = Debug|Any CPU
		{AB7669D0-F3C1-4322-AAB8-351A23A09739}.Debug|Any CPU.Build.0 = Debug|Any CPU
		{AB7669D0-F3C1-4322-AAB8-351A23A09739}.Release|Any CPU.ActiveCfg = Release|Any CPU
		{AB7669D0-F3C1-4322-AAB8-351A23A09739}.Release|Any CPU.Build.0 = Release|Any CPU
		{72012092-F66F-465A-9F58-0AC91A031A76}.Debug|Any CPU.ActiveCfg = Debug|Any CPU
		{72012092-F66F-465A-9F58-0AC91A031A76}.Debug|Any CPU.Build.0 = Debug|Any CPU
		{72012092-F66F-465A-9F58-0AC91A031A76}.Release|Any CPU.ActiveCfg = Release|Any CPU
		{72012092-F66F-465A-9F58-0AC91A031A76}.Release|Any CPU.Build.0 = Release|Any CPU
	EndGlobalSection
	GlobalSection(SolutionProperties) = preSolution
		HideSolutionNode = FALSE
	EndGlobalSection
EndGlobal
