
Microsoft Visual Studio Solution File, Format Version 12.00
# Visual Studio 2013
VisualStudioVersion = 12.0.31101.0
MinimumVisualStudioVersion = 10.0.40219.1
Project("{FAE04EC0-301F-11D3-BF4B-00C04F79EFBC}") = "207 Bioinformatics 1 DNA Replication", "207 Bioinformatics 1 DNA Replication\207 Bioinformatics 1 DNA Replication.csproj", "{4610DA20-2BE5-4E68-B5CD-897067FE5C07}"
EndProject
Project("{FAE04EC0-301F-11D3-BF4B-00C04F79EFBC}") = "206 Recurrence Relations", "206 Recurrence Relations\206 Recurrence Relations.csproj", "{DDBBCCBB-0E82-4EED-8A5C-7F377E235972}"
EndProject
Project("{FAE04EC0-301F-11D3-BF4B-00C04F79EFBC}") = "205 Friendly Date Ranges", "205 Friendly Date Ranges\205 Friendly Date Ranges.csproj", "{A4C2EC45-962C-461E-94AE-FC6CCC14B6FB}"
EndProject
Project("{FAE04EC0-301F-11D3-BF4B-00C04F79EFBC}") = "208 Culling Numbers", "208 Culling Numbers\208 Culling Numbers.csproj", "{1FEDF789-14E9-422A-BEA4-9B0D8741D8C1}"
EndProject
Project("{FAE04EC0-301F-11D3-BF4B-00C04F79EFBC}") = "HkR Service Lane", "HkR Service Lane\HkR Service Lane.csproj", "{1E447ECB-3F53-425F-AB81-9D033E051E6B}"
EndProject
Project("{FAE04EC0-301F-11D3-BF4B-00C04F79EFBC}") = "Utilities", "Utilities\Utilities.csproj", "{202E1FD6-197D-49DC-9C7B-6F6A44064A13}"
EndProject
Project("{FAE04EC0-301F-11D3-BF4B-00C04F79EFBC}") = "HkR Maximizing XOR", "HkR Maximizing XOR\HkR Maximizing XOR.csproj", "{045302F4-E62B-415F-95AB-33134AEF8E72}"
EndProject
Global
	GlobalSection(SolutionConfigurationPlatforms) = preSolution
		Debug|Any CPU = Debug|Any CPU
		Release|Any CPU = Release|Any CPU
	EndGlobalSection
	GlobalSection(ProjectConfigurationPlatforms) = postSolution
		{4610DA20-2BE5-4E68-B5CD-897067FE5C07}.Debug|Any CPU.ActiveCfg = Debug|Any CPU
		{4610DA20-2BE5-4E68-B5CD-897067FE5C07}.Debug|Any CPU.Build.0 = Debug|Any CPU
		{4610DA20-2BE5-4E68-B5CD-897067FE5C07}.Release|Any CPU.ActiveCfg = Release|Any CPU
		{4610DA20-2BE5-4E68-B5CD-897067FE5C07}.Release|Any CPU.Build.0 = Release|Any CPU
		{DDBBCCBB-0E82-4EED-8A5C-7F377E235972}.Debug|Any CPU.ActiveCfg = Debug|Any CPU
		{DDBBCCBB-0E82-4EED-8A5C-7F377E235972}.Debug|Any CPU.Build.0 = Debug|Any CPU
		{DDBBCCBB-0E82-4EED-8A5C-7F377E235972}.Release|Any CPU.ActiveCfg = Release|Any CPU
		{DDBBCCBB-0E82-4EED-8A5C-7F377E235972}.Release|Any CPU.Build.0 = Release|Any CPU
		{A4C2EC45-962C-461E-94AE-FC6CCC14B6FB}.Debug|Any CPU.ActiveCfg = Debug|Any CPU
		{A4C2EC45-962C-461E-94AE-FC6CCC14B6FB}.Debug|Any CPU.Build.0 = Debug|Any CPU
		{A4C2EC45-962C-461E-94AE-FC6CCC14B6FB}.Release|Any CPU.ActiveCfg = Release|Any CPU
		{A4C2EC45-962C-461E-94AE-FC6CCC14B6FB}.Release|Any CPU.Build.0 = Release|Any CPU
		{1FEDF789-14E9-422A-BEA4-9B0D8741D8C1}.Debug|Any CPU.ActiveCfg = Debug|Any CPU
		{1FEDF789-14E9-422A-BEA4-9B0D8741D8C1}.Debug|Any CPU.Build.0 = Debug|Any CPU
		{1FEDF789-14E9-422A-BEA4-9B0D8741D8C1}.Release|Any CPU.ActiveCfg = Release|Any CPU
		{1FEDF789-14E9-422A-BEA4-9B0D8741D8C1}.Release|Any CPU.Build.0 = Release|Any CPU
		{1E447ECB-3F53-425F-AB81-9D033E051E6B}.Debug|Any CPU.ActiveCfg = Debug|Any CPU
		{1E447ECB-3F53-425F-AB81-9D033E051E6B}.Debug|Any CPU.Build.0 = Debug|Any CPU
		{1E447ECB-3F53-425F-AB81-9D033E051E6B}.Release|Any CPU.ActiveCfg = Release|Any CPU
		{1E447ECB-3F53-425F-AB81-9D033E051E6B}.Release|Any CPU.Build.0 = Release|Any CPU
		{202E1FD6-197D-49DC-9C7B-6F6A44064A13}.Debug|Any CPU.ActiveCfg = Debug|Any CPU
		{202E1FD6-197D-49DC-9C7B-6F6A44064A13}.Debug|Any CPU.Build.0 = Debug|Any CPU
		{202E1FD6-197D-49DC-9C7B-6F6A44064A13}.Release|Any CPU.ActiveCfg = Release|Any CPU
		{202E1FD6-197D-49DC-9C7B-6F6A44064A13}.Release|Any CPU.Build.0 = Release|Any CPU
		{045302F4-E62B-415F-95AB-33134AEF8E72}.Debug|Any CPU.ActiveCfg = Debug|Any CPU
		{045302F4-E62B-415F-95AB-33134AEF8E72}.Debug|Any CPU.Build.0 = Debug|Any CPU
		{045302F4-E62B-415F-95AB-33134AEF8E72}.Release|Any CPU.ActiveCfg = Release|Any CPU
		{045302F4-E62B-415F-95AB-33134AEF8E72}.Release|Any CPU.Build.0 = Release|Any CPU
	EndGlobalSection
	GlobalSection(SolutionProperties) = preSolution
		HideSolutionNode = FALSE
	EndGlobalSection
EndGlobal
